// !$*UTF8*$!
{
	archiveVersion = 1;
	classes = {
	};
	objectVersion = 48;
	objects = {

/* Begin PBXBuildFile section */
		3819C0661FED5DC100D51E18 /* AppDelegate.swift in Sources */ = {isa = PBXBuildFile; fileRef = 3819C0651FED5DC100D51E18 /* AppDelegate.swift */; };
		3819C0681FED5DC100D51E18 /* ViewController.swift in Sources */ = {isa = PBXBuildFile; fileRef = 3819C0671FED5DC100D51E18 /* ViewController.swift */; };
		3819C06B1FED5DC100D51E18 /* Main.storyboard in Resources */ = {isa = PBXBuildFile; fileRef = 3819C0691FED5DC100D51E18 /* Main.storyboard */; };
		3819C06D1FED5DC100D51E18 /* Assets.xcassets in Resources */ = {isa = PBXBuildFile; fileRef = 3819C06C1FED5DC100D51E18 /* Assets.xcassets */; };
		3819C0701FED5DC100D51E18 /* LaunchScreen.storyboard in Resources */ = {isa = PBXBuildFile; fileRef = 3819C06E1FED5DC100D51E18 /* LaunchScreen.storyboard */; };
		3819C0791FED5DD200D51E18 /* Contacts.framework in Frameworks */ = {isa = PBXBuildFile; fileRef = 3819C0781FED5DD200D51E18 /* Contacts.framework */; };
		3819C07B1FED5DD800D51E18 /* ContactsUI.framework in Frameworks */ = {isa = PBXBuildFile; fileRef = 3819C07A1FED5DD700D51E18 /* ContactsUI.framework */; };
/* End PBXBuildFile section */

/* Begin PBXFileReference section */
		3819C0621FED5DC100D51E18 /* Contacts-Demo.app */ = {isa = PBXFileReference; explicitFileType = wrapper.application; includeInIndex = 0; path = "Contacts-Demo.app"; sourceTree = BUILT_PRODUCTS_DIR; };
		3819C0651FED5DC100D51E18 /* AppDelegate.swift */ = {isa = PBXFileReference; lastKnownFileType = sourcecode.swift; path = AppDelegate.swift; sourceTree = "<group>"; };
		3819C0671FED5DC100D51E18 /* ViewController.swift */ = {isa = PBXFileReference; lastKnownFileType = sourcecode.swift; path = ViewController.swift; sourceTree = "<group>"; };
		3819C06A1FED5DC100D51E18 /* Base */ = {isa = PBXFileReference; lastKnownFileType = file.storyboard; name = Base; path = Base.lproj/Main.storyboard; sourceTree = "<group>"; };
		3819C06C1FED5DC100D51E18 /* Assets.xcassets */ = {isa = PBXFileReference; lastKnownFileType = folder.assetcatalog; path = Assets.xcassets; sourceTree = "<group>"; };
		3819C06F1FED5DC100D51E18 /* Base */ = {isa = PBXFileReference; lastKnownFileType = file.storyboard; name = Base; path = Base.lproj/LaunchScreen.storyboard; sourceTree = "<group>"; };
		3819C0711FED5DC100D51E18 /* Info.plist */ = {isa = PBXFileReference; lastKnownFileType = text.plist.xml; path = Info.plist; sourceTree = "<group>"; };
		3819C0781FED5DD200D51E18 /* Contacts.framework */ = {isa = PBXFileReference; lastKnownFileType = wrapper.framework; name = Contacts.framework; path = System/Library/Frameworks/Contacts.framework; sourceTree = SDKROOT; };
		3819C07A1FED5DD700D51E18 /* ContactsUI.framework */ = {isa = PBXFileReference; lastKnownFileType = wrapper.framework; name = ContactsUI.framework; path = System/Library/Frameworks/ContactsUI.framework; sourceTree = SDKROOT; };
/* End PBXFileReference section */

/* Begin PBXFrameworksBuildPhase section */
		3819C05F1FED5DC100D51E18 /* Frameworks */ = {
			isa = PBXFrameworksBuildPhase;
			buildActionMask = 2147483647;
			files = (
				3819C07B1FED5DD800D51E18 /* ContactsUI.framework in Frameworks */,
				3819C0791FED5DD200D51E18 /* Contacts.framework in Frameworks */,
			);
			runOnlyForDeploymentPostprocessing = 0;
		};
/* End PBXFrameworksBuildPhase section */

/* Begin PBXGroup section */
		3819C0591FED5DC100D51E18 = {
			isa = PBXGroup;
			children = (
				3819C0641FED5DC100D51E18 /* Contacts-Demo */,
				3819C0631FED5DC100D51E18 /* Products */,
				3819C0771FED5DD200D51E18 /* Frameworks */,
			);
			sourceTree = "<group>";
		};
		3819C0631FED5DC100D51E18 /* Products */ = {
			isa = PBXGroup;
			children = (
				3819C0621FED5DC100D51E18 /* Contacts-Demo.app */,
			);
			name = Products;
			sourceTree = "<group>";
		};
		3819C0641FED5DC100D51E18 /* Contacts-Demo */ = {
			isa = PBXGroup;
			children = (
				3819C0651FED5DC100D51E18 /* AppDelegate.swift */,
				3819C0671FED5DC100D51E18 /* ViewController.swift */,
				3819C0691FED5DC100D51E18 /* Main.storyboard */,
				3819C06C1FED5DC100D51E18 /* Assets.xcassets */,
				3819C06E1FED5DC100D51E18 /* LaunchScreen.storyboard */,
				3819C0711FED5DC100D51E18 /* Info.plist */,
			);
			path = "Contacts-Demo";
			sourceTree = "<group>";
		};
		3819C0771FED5DD200D51E18 /* Frameworks */ = {
			isa = PBXGroup;
			children = (
				3819C07A1FED5DD700D51E18 /* ContactsUI.framework */,
				3819C0781FED5DD200D51E18 /* Contacts.framework */,
			);
			name = Frameworks;
			sourceTree = "<group>";
		};
/* End PBXGroup section */

/* Begin PBXNativeTarget section */
		3819C0611FED5DC100D51E18 /* Contacts-Demo */ = {
			isa = PBXNativeTarget;
			buildConfigurationList = 3819C0741FED5DC100D51E18 /* Build configuration list for PBXNativeTarget "Contacts-Demo" */;
			buildPhases = (
				3819C05E1FED5DC100D51E18 /* Sources */,
				3819C05F1FED5DC100D51E18 /* Frameworks */,
				3819C0601FED5DC100D51E18 /* Resources */,
			);
			buildRules = (
			);
			dependencies = (
			);
			name = "Contacts-Demo";
			productName = "Contacts-Demo";
			productReference = 3819C0621FED5DC100D51E18 /* Contacts-Demo.app */;
			productType = "com.apple.product-type.application";
		};
/* End PBXNativeTarget section */

/* Begin PBXProject section */
		3819C05A1FED5DC100D51E18 /* Project object */ = {
			isa = PBXProject;
			attributes = {
				LastSwiftUpdateCheck = 0920;
				LastUpgradeCheck = 0920;
				ORGANIZATIONNAME = "Akash Patel";
				TargetAttributes = {
					3819C0611FED5DC100D51E18 = {
						CreatedOnToolsVersion = 9.2;
						ProvisioningStyle = Automatic;
					};
				};
			};
			buildConfigurationList = 3819C05D1FED5DC100D51E18 /* Build configuration list for PBXProject "Contacts-Demo" */;
			compatibilityVersion = "Xcode 8.0";
			developmentRegion = en;
			hasScannedForEncodings = 0;
			knownRegions = (
				en,
				Base,
			);
			mainGroup = 3819C0591FED5DC100D51E18;
			productRefGroup = 3819C0631FED5DC100D51E18 /* Products */;
			projectDirPath = "";
			projectRoot = "";
			targets = (
				3819C0611FED5DC100D51E18 /* Contacts-Demo */,
			);
		};
/* End PBXProject section */

/* Begin PBXResourcesBuildPhase section */
		3819C0601FED5DC100D51E18 /* Resources */ = {
			isa = PBXResourcesBuildPhase;
			buildActionMask = 2147483647;
			files = (
				3819C0701FED5DC100D51E18 /* LaunchScreen.storyboard in Resources */,
				3819C06D1FED5DC100D51E18 /* Assets.xcassets in Resources */,
				3819C06B1FED5DC100D51E18 /* Main.storyboard in Resources */,
			);
			runOnlyForDeploymentPostprocessing = 0;
		};
/* End PBXResourcesBuildPhase section */

/* Begin PBXSourcesBuildPhase section */
		3819C05E1FED5DC100D51E18 /* Sources */ = {
			isa = PBXSourcesBuildPhase;
			buildActionMask = 2147483647;
			files = (
				3819C0681FED5DC100D51E18 /* ViewController.swift in Sources */,
				3819C0661FED5DC100D51E18 /* AppDelegate.swift in Sources */,
			);
			runOnlyForDeploymentPostprocessing = 0;
		};
/* End PBXSourcesBuildPhase section */

/* Begin PBXVariantGroup section */
		3819C0691FED5DC100D51E18 /* Main.storyboard */ = {
			isa = PBXVariantGroup;
			children = (
				3819C06A1FED5DC100D51E18 /* Base */,
			);
			name = Main.storyboard;
			sourceTree = "<group>";
		};
		3819C06E1FED5DC100D51E18 /* LaunchScreen.storyboard */ = {
			isa = PBXVariantGroup;
			children = (
				3819C06F1FED5DC100D51E18 /* Base */,
			);
			name = LaunchScreen.storyboard;
			sourceTree = "<group>";
		};
/* End PBXVariantGroup section */

/* Begin XCBuildConfiguration section */
		3819C0721FED5DC100D51E18 /* Debug */ = {
			isa = XCBuildConfiguration;
			buildSettings = {
				ALWAYS_SEARCH_USER_PATHS = NO;
				CLANG_ANALYZER_NONNULL = YES;
				CLANG_ANALYZER_NUMBER_OBJECT_CONVERSION = YES_AGGRESSIVE;
				CLANG_CXX_LANGUAGE_STANDARD = "gnu++14";
				CLANG_CXX_LIBRARY = "libc++";
				CLANG_ENABLE_MODULES = YES;
				CLANG_ENABLE_OBJC_ARC = YES;
				CLANG_WARN_BLOCK_CAPTURE_AUTORELEASING = YES;
				CLANG_WARN_BOOL_CONVERSION = YES;
				CLANG_WARN_COMMA = YES;
				CLANG_WARN_CONSTANT_CONVERSION = YES;
				CLANG_WARN_DIRECT_OBJC_ISA_USAGE = YES_ERROR;
				CLANG_WARN_DOCUMENTATION_COMMENTS = YES;
				CLANG_WARN_EMPTY_BODY = YES;
				CLANG_WARN_ENUM_CONVERSION = YES;
				CLANG_WARN_INFINITE_RECURSION = YES;
				CLANG_WARN_INT_CONVERSION = YES;
				CLANG_WARN_NON_LITERAL_NULL_CONVERSION = YES;
				CLANG_WARN_OBJC_LITERAL_CONVERSION = YES;
				CLANG_WARN_OBJC_ROOT_CLASS = YES_ERROR;
				CLANG_WARN_RANGE_LOOP_ANALYSIS = YES;
				CLANG_WARN_STRICT_PROTOTYPES = YES;
				CLANG_WARN_SUSPICIOUS_MOVE = YES;
				CLANG_WARN_UNGUARDED_AVAILABILITY = YES_AGGRESSIVE;
				CLANG_WARN_UNREACHABLE_CODE = YES;
				CLANG_WARN__DUPLICATE_METHOD_MATCH = YES;
				CODE_SIGN_IDENTITY = "iPhone Developer";
				COPY_PHASE_STRIP = NO;
				DEBUG_INFORMATION_FORMAT = dwarf;
				ENABLE_STRICT_OBJC_MSGSEND = YES;
				ENABLE_TESTABILITY = YES;
				GCC_C_LANGUAGE_STANDARD = gnu11;
				GCC_DYNAMIC_NO_PIC = NO;
				GCC_NO_COMMON_BLOCKS = YES;
				GCC_OPTIMIZATION_LEVEL = 0;
				GCC_PREPROCESSOR_DEFINITIONS = (
					"DEBUG=1",
					"$(inherited)",
				);
				GCC_WARN_64_TO_32_BIT_CONVERSION = YES;
				GCC_WARN_ABOUT_RETURN_TYPE = YES_ERROR;
				GCC_WARN_UNDECLARED_SELECTOR = YES;
				GCC_WARN_UNINITIALIZED_AUTOS = YES_AGGRESSIVE;
				GCC_WARN_UNUSED_FUNCTION = YES;
				GCC_WARN_UNUSED_VARIABLE = YES;
				IPHONEOS_DEPLOYMENT_TARGET = 11.2;
				MTL_ENABLE_DEBUG_INFO = YES;
				ONLY_ACTIVE_ARCH = YES;
				SDKROOT = iphoneos;
				SWIFT_ACTIVE_COMPILATION_CONDITIONS = DEBUG;
				SWIFT_OPTIMIZATION_LEVEL = "-Onone";
			};
			name = Debug;
		};
		3819C0731FED5DC100D51E18 /* Release */ = {
			isa = XCBuildConfiguration;
			buildSettings = {
				ALWAYS_SEARCH_USER_PATHS = NO;
				CLANG_ANALYZER_NONNULL = YES;
				CLANG_ANALYZER_NUMBER_OBJECT_CONVERSION = YES_AGGRESSIVE;
				CLANG_CXX_LANGUAGE_STANDARD = "gnu++14";
				CLANG_CXX_LIBRARY = "libc++";
				CLANG_ENABLE_MODULES = YES;
				CLANG_ENABLE_OBJC_ARC = YES;
				CLANG_WARN_BLOCK_CAPTURE_AUTORELEASING = YES;
				CLANG_WARN_BOOL_CONVERSION = YES;
				CLANG_WARN_COMMA = YES;
				CLANG_WARN_CONSTANT_CONVERSION = YES;
				CLANG_WARN_DIRECT_OBJC_ISA_USAGE = YES_ERROR;
				CLANG_WARN_DOCUMENTATION_COMMENTS = YES;
				CLANG_WARN_EMPTY_BODY = YES;
				CLANG_WARN_ENUM_CONVERSION = YES;
				CLANG_WARN_INFINITE_RECURSION = YES;
				CLANG_WARN_INT_CONVERSION = YES;
				CLANG_WARN_NON_LITERAL_NULL_CONVERSION = YES;
				CLANG_WARN_OBJC_LITERAL_CONVERSION = YES;
				CLANG_WARN_OBJC_ROOT_CLASS = YES_ERROR;
				CLANG_WARN_RANGE_LOOP_ANALYSIS = YES;
				CLANG_WARN_STRICT_PROTOTYPES = YES;
				CLANG_WARN_SUSPICIOUS_MOVE = YES;
				CLANG_WARN_UNGUARDED_AVAILABILITY = YES_AGGRESSIVE;
				CLANG_WARN_UNREACHABLE_CODE = YES;
				CLANG_WARN__DUPLICATE_METHOD_MATCH = YES;
				CODE_SIGN_IDENTITY = "iPhone Developer";
				COPY_PHASE_STRIP = NO;
				DEBUG_INFORMATION_FORMAT = "dwarf-with-dsym";
				ENABLE_NS_ASSERTIONS = NO;
				ENABLE_STRICT_OBJC_MSGSEND = YES;
				GCC_C_LANGUAGE_STANDARD = gnu11;
				GCC_NO_COMMON_BLOCKS = YES;
				GCC_WARN_64_TO_32_BIT_CONVERSION = YES;
				GCC_WARN_ABOUT_RETURN_TYPE = YES_ERROR;
				GCC_WARN_UNDECLARED_SELECTOR = YES;
				GCC_WARN_UNINITIALIZED_AUTOS = YES_AGGRESSIVE;
				GCC_WARN_UNUSED_FUNCTION = YES;
				GCC_WARN_UNUSED_VARIABLE = YES;
				IPHONEOS_DEPLOYMENT_TARGET = 11.2;
				MTL_ENABLE_DEBUG_INFO = NO;
				SDKROOT = iphoneos;
				SWIFT_OPTIMIZATION_LEVEL = "-Owholemodule";
				VALIDATE_PRODUCT = YES;
			};
			name = Release;
		};
		3819C0751FED5DC100D51E18 /* Debug */ = {
			isa = XCBuildConfiguration;
			buildSettings = {
				ASSETCATALOG_COMPILER_APPICON_NAME = AppIcon;
				CODE_SIGN_STYLE = Automatic;
				DEVELOPMENT_TEAM = CX2PYWTT68;
				INFOPLIST_FILE = "Contacts-Demo/Info.plist";
				LD_RUNPATH_SEARCH_PATHS = "$(inherited) @executable_path/Frameworks";
				PRODUCT_BUNDLE_IDENTIFIER = "akashpatel.Contacts-Demo";
				PRODUCT_NAME = "$(TARGET_NAME)";
				SWIFT_VERSION = 4.0;
				TARGETED_DEVICE_FAMILY = "1,2";
			};
			name = Debug;
		};
		3819C0761FED5DC100D51E18 /* Release */ = {
			isa = XCBuildConfiguration;
			buildSettings = {
				ASSETCATALOG_COMPILER_APPICON_NAME = AppIcon;
				CODE_SIGN_STYLE = Automatic;
				DEVELOPMENT_TEAM = CX2PYWTT68;
				INFOPLIST_FILE = "Contacts-Demo/Info.plist";
				LD_RUNPATH_SEARCH_PATHS = "$(inherited) @executable_path/Frameworks";
				PRODUCT_BUNDLE_IDENTIFIER = "akashpatel.Contacts-Demo";
				PRODUCT_NAME = "$(TARGET_NAME)";
				SWIFT_VERSION = 4.0;
				TARGETED_DEVICE_FAMILY = "1,2";
			};
			name = Release;
		};
/* End XCBuildConfiguration section */

/* Begin XCConfigurationList section */
		3819C05D1FED5DC100D51E18 /* Build configuration list for PBXProject "Contacts-Demo" */ = {
			isa = XCConfigurationList;
			buildConfigurations = (
				3819C0721FED5DC100D51E18 /* Debug */,
				3819C0731FED5DC100D51E18 /* Release */,
			);
			defaultConfigurationIsVisible = 0;
			defaultConfigurationName = Release;
		};
		3819C0741FED5DC100D51E18 /* Build configuration list for PBXNativeTarget "Contacts-Demo" */ = {
			isa = XCConfigurationList;
			buildConfigurations = (
				3819C0751FED5DC100D51E18 /* Debug */,
				3819C0761FED5DC100D51E18 /* Release */,
			);
			defaultConfigurationIsVisible = 0;
			defaultConfigurationName = Release;
		};
/* End XCConfigurationList section */
	};
	rootObject = 3819C05A1FED5DC100D51E18 /* Project object */;
}
